
Microsoft Visual Studio Solution File, Format Version 12.00
# Visual Studio 15
VisualStudioVersion = 15.0.26403.7
MinimumVisualStudioVersion = 10.0.40219.1
Project("{2150E333-8FDC-42A3-9474-1A3956D46DE8}") = "src", "src", "{CCA39D54-D52E-4FE3-B4B4-B921E8639BCE}"
EndProject
Project("{2150E333-8FDC-42A3-9474-1A3956D46DE8}") = "tests", "tests", "{0EF235B0-74D9-441A-BAB1-58A1C5B0D247}"
EndProject
Project("{FAE04EC0-301F-11D3-BF4B-00C04F79EFBC}") = "GladNet.ASP.Server", "src\GladNet.ASP.Server\GladNet.ASP.Server.csproj", "{DD0523D9-7022-4C86-B9E2-D33DB4BC4092}"
EndProject
Project("{FAE04EC0-301F-11D3-BF4B-00C04F79EFBC}") = "GladNet.ASP.Formatters", "src\GladNet.ASP.Formatters\GladNet.ASP.Formatters.csproj", "{A9390B51-47AE-439E-954D-6B0923FCD6C9}"
EndProject
Project("{FAE04EC0-301F-11D3-BF4B-00C04F79EFBC}") = "GladNet.ASP.Server.Tests", "tests\GladNet.ASP.Server.Tests\GladNet.ASP.Server.Tests.csproj", "{CEB6178F-4B31-46E1-A068-B7515AE3187B}"
EndProject
Global
	GlobalSection(SolutionConfigurationPlatforms) = preSolution
		Debug|Any CPU = Debug|Any CPU
		Release|Any CPU = Release|Any CPU
	EndGlobalSection
	GlobalSection(ProjectConfigurationPlatforms) = postSolution
		{DD0523D9-7022-4C86-B9E2-D33DB4BC4092}.Debug|Any CPU.ActiveCfg = Debug|Any CPU
		{DD0523D9-7022-4C86-B9E2-D33DB4BC4092}.Debug|Any CPU.Build.0 = Debug|Any CPU
		{DD0523D9-7022-4C86-B9E2-D33DB4BC4092}.Release|Any CPU.ActiveCfg = Release|Any CPU
		{DD0523D9-7022-4C86-B9E2-D33DB4BC4092}.Release|Any CPU.Build.0 = Release|Any CPU
		{A9390B51-47AE-439E-954D-6B0923FCD6C9}.Debug|Any CPU.ActiveCfg = Debug|Any CPU
		{A9390B51-47AE-439E-954D-6B0923FCD6C9}.Debug|Any CPU.Build.0 = Debug|Any CPU
		{A9390B51-47AE-439E-954D-6B0923FCD6C9}.Release|Any CPU.ActiveCfg = Release|Any CPU
		{A9390B51-47AE-439E-954D-6B0923FCD6C9}.Release|Any CPU.Build.0 = Release|Any CPU
		{CEB6178F-4B31-46E1-A068-B7515AE3187B}.Debug|Any CPU.ActiveCfg = Debug|Any CPU
		{CEB6178F-4B31-46E1-A068-B7515AE3187B}.Debug|Any CPU.Build.0 = Debug|Any CPU
		{CEB6178F-4B31-46E1-A068-B7515AE3187B}.Release|Any CPU.ActiveCfg = Release|Any CPU
		{CEB6178F-4B31-46E1-A068-B7515AE3187B}.Release|Any CPU.Build.0 = Release|Any CPU
	EndGlobalSection
	GlobalSection(SolutionProperties) = preSolution
		HideSolutionNode = FALSE
	EndGlobalSection
	GlobalSection(NestedProjects) = preSolution
		{DD0523D9-7022-4C86-B9E2-D33DB4BC4092} = {CCA39D54-D52E-4FE3-B4B4-B921E8639BCE}
		{A9390B51-47AE-439E-954D-6B0923FCD6C9} = {CCA39D54-D52E-4FE3-B4B4-B921E8639BCE}
		{CEB6178F-4B31-46E1-A068-B7515AE3187B} = {0EF235B0-74D9-441A-BAB1-58A1C5B0D247}
	EndGlobalSection
EndGlobal
